Microsoft Visual Studio Solution File, Format Version 12.00
# Visual Studio Version 17
VisualStudioVersion = 17.11.34407.343
MinimumVisualStudioVersion = 10.0.40219.1

Project("{2150E333-8FDC-42A3-9474-1A3956D46DE8}") = "src", "src", "{D4E7E7E7-7E7E-7E7E-7E7E-7E7E7E7E7E7E}"
EndProject

Project("{2150E333-8FDC-42A3-9474-1A3956D46DE8}") = "Core", "Core", "{A1A1A1A1-A1A1-A1A1-A1A1-A1A1A1A1A1A1}"
	ProjectSection(SolutionItems) = preProject
	EndProjectSection
EndProject

Project("{2150E333-8FDC-42A3-9474-1A3956D46DE8}") = "CustomerService", "CustomerService", "{B2B2B2B2-B2B2-B2B2-B2B2-B2B2B2B2B2B2}"
	ProjectSection(SolutionItems) = preProject
	EndProjectSection
EndProject

Project("{2150E333-8FDC-42A3-9474-1A3956D46DE8}") = "Shared", "Shared", "{C3C3C3C3-C3C3-C3C3-C3C3-C3C3C3C3C3C3}"
	ProjectSection(SolutionItems) = preProject
	EndProjectSection
EndProject

Project("{FAE04EC0-301F-11D3-BF4B-00C04F79EFBC}") = "Core.Domain", "src\Core.Domain\Core.Domain.csproj", "{D1D1D1D1-D1D1-D1D1-D1D1-D1D1D1D1D1D1}"
EndProject

Project("{FAE04EC0-301F-11D3-BF4B-00C04F79EFBC}") = "Core.Application", "src\Core.Application\Core.Application.csproj", "{D2D2D2D2-D2D2-D2D2-D2D2-D2D2D2D2D2D2}"
EndProject

Project("{FAE04EC0-301F-11D3-BF4B-00C04F79EFBC}") = "Core.Infrastructure", "src\Core.Infrastructure\Core.Infrastructure.csproj", "{D3D3D3D3-D3D3-D3D3-D3D3-D3D3D3D3D3D3}"
EndProject

Project("{FAE04EC0-301F-11D3-BF4B-00C04F79EFBC}") = "Core.API", "src\Core.API\Core.API.csproj", "{D4D4D4D4-D4D4-D4D4-D4D4-D4D4D4D4D4D4}"
EndProject

Project("{FAE04EC0-301F-11D3-BF4B-00C04F79EFBC}") = "Customer.Domain", "src\Customer.Service\Customer.Domain\Customer.Domain.csproj", "{E1E1E1E1-E1E1-E1E1-E1E1-E1E1E1E1E1E1}"
EndProject

Project("{FAE04EC0-301F-11D3-BF4B-00C04F79EFBC}") = "Customer.Application", "src\Customer.Service\Customer.Application\Customer.Application.csproj", "{E2E2E2E2-E2E2-E2E2-E2E2-E2E2E2E2E2E2}"
EndProject

Project("{FAE04EC0-301F-11D3-BF4B-00C04F79EFBC}") = "Customer.Infrastructure", "src\Customer.Service\Customer.Infrastructure\Customer.Infrastructure.csproj", "{E3E3E3E3-E3E3-E3E3-E3E3-E3E3E3E3E3E3}"
EndProject

Project("{FAE04EC0-301F-11D3-BF4B-00C04F79EFBC}") = "Customer.API", "src\Customer.Service\Customer.API\Customer.API.csproj", "{E4E4E4E4-E4E4-E4E4-E4E4-E4E4E4E4E4E4}"
EndProject

Project("{FAE04EC0-301F-11D3-BF4B-00C04F79EFBC}") = "Shared.DTOs", "src\Shared\Shared.DTOs\Shared.DTOs.csproj", "{F1F1F1F1-F1F1-F1F1-F1F1-F1F1F1F1F1F1}"
EndProject

Project("{FAE04EC0-301F-11D3-BF4B-00C04F79EFBC}") = "Shared.HttpClients", "src\Shared\Shared.HttpClients\Shared.HttpClients.csproj", "{F2F2F2F2-F2F2-F2F2-F2F2-F2F2F2F2F2F2}"
EndProject

Global
	GlobalSection(SolutionConfigurationPlatforms) = preSolution
		Debug|Any CPU = Debug|Any CPU
		Release|Any CPU = Release|Any CPU
	EndGlobalSection
	GlobalSection(ProjectConfigurationPlatforms) = postSolution
		{D1D1D1D1-D1D1-D1D1-D1D1-D1D1D1D1D1D1}.Debug|Any CPU.ActiveCfg = Debug|Any CPU
		{D1D1D1D1-D1D1-D1D1-D1D1-D1D1D1D1D1D1}.Debug|Any CPU.Build.0 = Debug|Any CPU
		{D1D1D1D1-D1D1-D1D1-D1D1-D1D1D1D1D1D1}.Release|Any CPU.ActiveCfg = Release|Any CPU
		{D1D1D1D1-D1D1-D1D1-D1D1-D1D1D1D1D1D1}.Release|Any CPU.Build.0 = Release|Any CPU

		{D2D2D2D2-D2D2-D2D2-D2D2-D2D2D2D2D2D2}.Debug|Any CPU.ActiveCfg = Debug|Any CPU
		{D2D2D2D2-D2D2-D2D2-D2D2-D2D2D2D2D2D2}.Debug|Any CPU.Build.0 = Debug|Any CPU
		{D2D2D2D2-D2D2-D2D2-D2D2-D2D2D2D2D2D2}.Release|Any CPU.ActiveCfg = Release|Any CPU
		{D2D2D2D2-D2D2-D2D2-D2D2-D2D2D2D2D2D2}.Release|Any CPU.Build.0 = Release|Any CPU

		{D3D3D3D3-D3D3-D3D3-D3D3-D3D3D3D3D3D3}.Debug|Any CPU.ActiveCfg = Debug|Any CPU
		{D3D3D3D3-D3D3-D3D3-D3D3-D3D3D3D3D3D3}.Debug|Any CPU.Build.0 = Debug|Any CPU
		{D3D3D3D3-D3D3-D3D3-D3D3-D3D3D3D3D3D3}.Release|Any CPU.ActiveCfg = Release|Any CPU
		{D3D3D3D3-D3D3-D3D3-D3D3-D3D3D3D3D3D3}.Release|Any CPU.Build.0 = Release|Any CPU

		{D4D4D4D4-D4D4-D4D4-D4D4-D4D4D4D4D4D4}.Debug|Any CPU.ActiveCfg = Debug|Any CPU
		{D4D4D4D4-D4D4-D4D4-D4D4-D4D4D4D4D4D4}.Debug|Any CPU.Build.0 = Debug|Any CPU
		{D4D4D4D4-D4D4-D4D4-D4D4-D4D4D4D4D4D4}.Release|Any CPU.ActiveCfg = Release|Any CPU
		{D4D4D4D4-D4D4-D4D4-D4D4-D4D4D4D4D4D4}.Release|Any CPU.Build.0 = Release|Any CPU

		{E1E1E1E1-E1E1-E1E1-E1E1-E1E1E1E1E1E1}.Debug|Any CPU.ActiveCfg = Debug|Any CPU
		{E1E1E1E1-E1E1-E1E1-E1E1-E1E1E1E1E1E1}.Debug|Any CPU.Build.0 = Debug|Any CPU
		{E1E1E1E1-E1E1-E1E1-E1E1-E1E1E1E1E1E1}.Release|Any CPU.ActiveCfg = Release|Any CPU
		{E1E1E1E1-E1E1-E1E1-E1E1-E1E1E1E1E1E1}.Release|Any CPU.Build.0 = Release|Any CPU

		{E2E2E2E2-E2E2-E2E2-E2E2-E2E2E2E2E2E2}.Debug|Any CPU.ActiveCfg = Debug|Any CPU
		{E2E2E2E2-E2E2-E2E2-E2E2-E2E2E2E2E2E2}.Debug|Any CPU.Build.0 = Debug|Any CPU
		{E2E2E2E2-E2E2-E2E2-E2E2-E2E2E2E2E2E2}.Release|Any CPU.ActiveCfg = Release|Any CPU
		{E2E2E2E2-E2E2-E2E2-E2E2-E2E2E2E2E2E2}.Release|Any CPU.Build.0 = Release|Any CPU

		{E3E3E3E3-E3E3-E3E3-E3E3-E3E3E3E3E3E3}.Debug|Any CPU.ActiveCfg = Debug|Any CPU
		{E3E3E3E3-E3E3-E3E3-E3E3-E3E3E3E3E3E3}.Debug|Any CPU.Build.0 = Debug|Any CPU
		{E3E3E3E3-E3E3-E3E3-E3E3-E3E3E3E3E3E3}.Release|Any CPU.ActiveCfg = Release|Any CPU
		{E3E3E3E3-E3E3-E3E3-E3E3-E3E3E3E3E3E3}.Release|Any CPU.Build.0 = Release|Any CPU

		{E4E4E4E4-E4E4-E4E4-E4E4-E4E4E4E4E4E4}.Debug|Any CPU.ActiveCfg = Debug|Any CPU
		{E4E4E4E4-E4E4-E4E4-E4E4-E4E4E4E4E4E4}.Debug|Any CPU.Build.0 = Debug|Any CPU
		{E4E4E4E4-E4E4-E4E4-E4E4-E4E4E4E4E4E4}.Release|Any CPU.ActiveCfg = Release|Any CPU
		{E4E4E4E4-E4E4-E4E4-E4E4-E4E4E4E4E4E4}.Release|Any CPU.Build.0 = Release|Any CPU

		{F1F1F1F1-F1F1-F1F1-F1F1-F1F1F1F1F1F1}.Debug|Any CPU.ActiveCfg = Debug|Any CPU
		{F1F1F1F1-F1F1-F1F1-F1F1-F1F1F1F1F1F1}.Debug|Any CPU.Build.0 = Debug|Any CPU
		{F1F1F1F1-F1F1-F1F1-F1F1-F1F1F1F1F1F1}.Release|Any CPU.ActiveCfg = Release|Any CPU
		{F1F1F1F1-F1F1-F1F1-F1F1-F1F1F1F1F1F1}.Release|Any CPU.Build.0 = Release|Any CPU

		{F2F2F2F2-F2F2-F2F2-F2F2-F2F2F2F2F2F2}.Debug|Any CPU.ActiveCfg = Debug|Any CPU
		{F2F2F2F2-F2F2-F2F2-F2F2-F2F2F2F2F2F2}.Debug|Any CPU.Build.0 = Debug|Any CPU
		{F2F2F2F2-F2F2-F2F2-F2F2-F2F2F2F2F2F2}.Release|Any CPU.ActiveCfg = Release|Any CPU
		{F2F2F2F2-F2F2-F2F2-F2F2-F2F2F2F2F2F2}.Release|Any CPU.Build.0 = Release|Any CPU
	EndGlobalSection
	GlobalSection(NestedProjects) = preSolution
		{A1A1A1A1-A1A1-A1A1-A1A1-A1A1A1A1A1A1} = {D4E7E7E7-7E7E-7E7E-7E7E-7E7E7E7E7E7E}
		{B2B2B2B2-B2B2-B2B2-B2B2-B2B2B2B2B2B2} = {D4E7E7E7-7E7E-7E7E-7E7E-7E7E7E7E7E7E}
		{C3C3C3C3-C3C3-C3C3-C3C3-C3C3C3C3C3C3} = {D4E7E7E7-7E7E-7E7E-7E7E-7E7E7E7E7E7E}
		{D1D1D1D1-D1D1-D1D1-D1D1-D1D1D1D1D1D1} = {A1A1A1A1-A1A1-A1A1-A1A1-A1A1A1A1A1A1}
		{D2D2D2D2-D2D2-D2D2-D2D2-D2D2D2D2D2D2} = {A1A1A1A1-A1A1-A1A1-A1A1-A1A1A1A1A1A1}
		{D3D3D3D3-D3D3-D3D3-D3D3-D3D3D3D3D3D3} = {A1A1A1A1-A1A1-A1A1-A1A1-A1A1A1A1A1A1}
		{D4D4D4D4-D4D4-D4D4-D4D4-D4D4D4D4D4D4} = {A1A1A1A1-A1A1-A1A1-A1A1-A1A1A1A1A1A1}
		{E1E1E1E1-E1E1-E1E1-E1E1-E1E1E1E1E1E1} = {B2B2B2B2-B2B2-B2B2-B2B2-B2B2B2B2B2B2}
		{E2E2E2E2-E2E2-E2E2-E2E2-E2E2E2E2E2E2} = {B2B2B2B2-B2B2-B2B2-B2B2-B2B2B2B2B2B2}
		{E3E3E3E3-E3E3-E3E3-E3E3-E3E3E3E3E3E3} = {B2B2B2B2-B2B2-B2B2-B2B2-B2B2B2B2B2B2}
		{E4E4E4E4-E4E4-E4E4-E4E4-E4E4E4E4E4E4} = {B2B2B2B2-B2B2-B2B2-B2B2-B2B2B2B2B2B2}
		{F1F1F1F1-F1F1-F1F1-F1F1-F1F1F1F1F1F1} = {C3C3C3C3-C3C3-C3C3-C3C3-C3C3C3C3C3C3}
		{F2F2F2F2-F2F2-F2F2-F2F2-F2F2F2F2F2F2} = {C3C3C3C3-C3C3-C3C3-C3C3-C3C3C3C3C3C3}
	EndGlobalSection
EndGlobal
